
Microsoft Visual Studio Solution File, Format Version 12.00
# Visual Studio 2013
VisualStudioVersion = 12.0.30501.0
MinimumVisualStudioVersion = 10.0.40219.1
Project("{F184B08F-C81C-45F6-A57F-5ABD9991F28F}") = "Reference.John.Resources", "Reference.John.Resources\Reference.John.Resources.vbproj", "{583FF127-61C6-431D-8D77-0C632486F9E6}"
EndProject
Project("{F184B08F-C81C-45F6-A57F-5ABD9991F28F}") = "Reference.John.Services", "Reference.John.Services\Reference.John.Services.vbproj", "{C551CBEE-2312-4E78-87EC-630C28F3BD87}"
EndProject
Project("{F184B08F-C81C-45F6-A57F-5ABD9991F28F}") = "Reference.John.Infrastructure", "Reference.John.Infrastructure\Reference.John.Infrastructure.vbproj", "{1E42DB1B-E1FA-4B69-B94B-82D3F91E09D4}"
EndProject
Project("{F184B08F-C81C-45F6-A57F-5ABD9991F28F}") = "Reference.John.Domain", "Reference.John.Domain\Reference.John.Domain.vbproj", "{79BF29FF-D1AE-4B9D-982F-036DB7BCF3BD}"
EndProject
Project("{F184B08F-C81C-45F6-A57F-5ABD9991F28F}") = "Reference.John.Model", "Reference.John.Model\Reference.John.Model.vbproj", "{564D65AC-1DA0-402D-917C-AE249EF41723}"
EndProject
Project("{F184B08F-C81C-45F6-A57F-5ABD9991F28F}") = "Reference.John.Repository", "Reference.John.Repository\Reference.John.Repository.vbproj", "{46708533-C120-4117-A7D2-B27EB0942790}"
EndProject
Project("{F184B08F-C81C-45F6-A57F-5ABD9991F28F}") = "Reference.John.Fixture", "Reference.John.Fixture\Reference.John.Fixture.vbproj", "{5566742B-E3DC-4DD9-9548-DE26C5413E64}"
EndProject
Project("{F088123C-0E9E-452A-89E6-6BA2F21D5CAC}") = "Reference.John.Diagram", "Reference.John.Diagram\Reference.John.Diagram.modelproj", "{650BD7D1-7EF4-4EF9-AA7C-D859D3353985}"
EndProject
Project("{00D1A9C2-B5F0-4AF3-8072-F6C62B433612}") = "Reference.John.Database", "Reference.John.Database\Reference.John.Database.sqlproj", "{037DDC8D-1C0D-4D1C-A3CE-CDE005EE7DC3}"
EndProject
Project("{F184B08F-C81C-45F6-A57F-5ABD9991F28F}") = "Reference.John.WebASP", "Reference.John.WebASP\Reference.John.WebASP.vbproj", "{CD8E53D2-B177-494B-AE08-1CEEF98E43D7}"
EndProject
Project("{F184B08F-C81C-45F6-A57F-5ABD9991F28F}") = "Reference.John.WebMVC", "Reference.John.WebMVC\Reference.John.WebMVC.vbproj", "{8AE7C165-13B3-4267-9577-8E0E6D9A686F}"
EndProject
Project("{F184B08F-C81C-45F6-A57F-5ABD9991F28F}") = "AnnotationValidator", "AnnotationValidator\AnnotationValidator.vbproj", "{3FE45387-A9AC-48E8-BDA0-3061CB893408}"
EndProject
Project("{2150E333-8FDC-42A3-9474-1A3956D46DE8}") = "Data", "Data", "{EE7FBA28-3B07-4096-B45C-ADC578DA3069}"
EndProject
Project("{2150E333-8FDC-42A3-9474-1A3956D46DE8}") = "Misc", "Misc", "{84A2CC4E-DC9F-4273-8B8E-150BEF4E7856}"
EndProject
Project("{2150E333-8FDC-42A3-9474-1A3956D46DE8}") = "Fixtures", "Fixtures", "{DA378F89-D8DD-48BD-95F3-E059C8A6EAA1}"
EndProject
Project("{2150E333-8FDC-42A3-9474-1A3956D46DE8}") = "Process", "Process", "{515826B4-5991-4D7C-8919-10D4D405F873}"
EndProject
Project("{2150E333-8FDC-42A3-9474-1A3956D46DE8}") = "Core", "Core", "{BA27D6D1-FDE6-470D-BC1B-14ED3ABD64F3}"
EndProject
Project("{2150E333-8FDC-42A3-9474-1A3956D46DE8}") = "UI", "UI", "{6A537DD0-D9F3-4868-8C00-4DC208868A48}"
EndProject
Project("{F184B08F-C81C-45F6-A57F-5ABD9991F28F}") = "Reference.John.WebAPI", "Reference.John.WebAPI\Reference.John.WebAPI.vbproj", "{65115DDD-902F-4377-BB08-814782711713}"
EndProject
Project("{F184B08F-C81C-45F6-A57F-5ABD9991F28F}") = "Reference.John.UI.Model", "Reference.John.UI.Model\Reference.John.UI.Model.vbproj", "{B9185BB7-C46A-4EFA-A354-EFED1A9041FE}"
EndProject
Global
	GlobalSection(SolutionConfigurationPlatforms) = preSolution
		Debug|Any CPU = Debug|Any CPU
		Release|Any CPU = Release|Any CPU
	EndGlobalSection
	GlobalSection(ProjectConfigurationPlatforms) = postSolution
		{583FF127-61C6-431D-8D77-0C632486F9E6}.Debug|Any CPU.ActiveCfg = Debug|Any CPU
		{583FF127-61C6-431D-8D77-0C632486F9E6}.Debug|Any CPU.Build.0 = Debug|Any CPU
		{583FF127-61C6-431D-8D77-0C632486F9E6}.Release|Any CPU.ActiveCfg = Release|Any CPU
		{583FF127-61C6-431D-8D77-0C632486F9E6}.Release|Any CPU.Build.0 = Release|Any CPU
		{C551CBEE-2312-4E78-87EC-630C28F3BD87}.Debug|Any CPU.ActiveCfg = Debug|Any CPU
		{C551CBEE-2312-4E78-87EC-630C28F3BD87}.Debug|Any CPU.Build.0 = Debug|Any CPU
		{C551CBEE-2312-4E78-87EC-630C28F3BD87}.Release|Any CPU.ActiveCfg = Release|Any CPU
		{C551CBEE-2312-4E78-87EC-630C28F3BD87}.Release|Any CPU.Build.0 = Release|Any CPU
		{1E42DB1B-E1FA-4B69-B94B-82D3F91E09D4}.Debug|Any CPU.ActiveCfg = Debug|Any CPU
		{1E42DB1B-E1FA-4B69-B94B-82D3F91E09D4}.Debug|Any CPU.Build.0 = Debug|Any CPU
		{1E42DB1B-E1FA-4B69-B94B-82D3F91E09D4}.Release|Any CPU.ActiveCfg = Release|Any CPU
		{1E42DB1B-E1FA-4B69-B94B-82D3F91E09D4}.Release|Any CPU.Build.0 = Release|Any CPU
		{79BF29FF-D1AE-4B9D-982F-036DB7BCF3BD}.Debug|Any CPU.ActiveCfg = Debug|Any CPU
		{79BF29FF-D1AE-4B9D-982F-036DB7BCF3BD}.Debug|Any CPU.Build.0 = Debug|Any CPU
		{79BF29FF-D1AE-4B9D-982F-036DB7BCF3BD}.Release|Any CPU.ActiveCfg = Release|Any CPU
		{79BF29FF-D1AE-4B9D-982F-036DB7BCF3BD}.Release|Any CPU.Build.0 = Release|Any CPU
		{564D65AC-1DA0-402D-917C-AE249EF41723}.Debug|Any CPU.ActiveCfg = Debug|Any CPU
		{564D65AC-1DA0-402D-917C-AE249EF41723}.Debug|Any CPU.Build.0 = Debug|Any CPU
		{564D65AC-1DA0-402D-917C-AE249EF41723}.Release|Any CPU.ActiveCfg = Release|Any CPU
		{564D65AC-1DA0-402D-917C-AE249EF41723}.Release|Any CPU.Build.0 = Release|Any CPU
		{46708533-C120-4117-A7D2-B27EB0942790}.Debug|Any CPU.ActiveCfg = Debug|Any CPU
		{46708533-C120-4117-A7D2-B27EB0942790}.Debug|Any CPU.Build.0 = Debug|Any CPU
		{46708533-C120-4117-A7D2-B27EB0942790}.Release|Any CPU.ActiveCfg = Release|Any CPU
		{46708533-C120-4117-A7D2-B27EB0942790}.Release|Any CPU.Build.0 = Release|Any CPU
		{5566742B-E3DC-4DD9-9548-DE26C5413E64}.Debug|Any CPU.ActiveCfg = Debug|Any CPU
		{5566742B-E3DC-4DD9-9548-DE26C5413E64}.Debug|Any CPU.Build.0 = Debug|Any CPU
		{5566742B-E3DC-4DD9-9548-DE26C5413E64}.Release|Any CPU.ActiveCfg = Release|Any CPU
		{5566742B-E3DC-4DD9-9548-DE26C5413E64}.Release|Any CPU.Build.0 = Release|Any CPU
		{650BD7D1-7EF4-4EF9-AA7C-D859D3353985}.Debug|Any CPU.ActiveCfg = Debug|Any CPU
		{650BD7D1-7EF4-4EF9-AA7C-D859D3353985}.Debug|Any CPU.Build.0 = Debug|Any CPU
		{650BD7D1-7EF4-4EF9-AA7C-D859D3353985}.Release|Any CPU.ActiveCfg = Release|Any CPU
		{650BD7D1-7EF4-4EF9-AA7C-D859D3353985}.Release|Any CPU.Build.0 = Release|Any CPU
		{037DDC8D-1C0D-4D1C-A3CE-CDE005EE7DC3}.Debug|Any CPU.ActiveCfg = Debug|Any CPU
		{037DDC8D-1C0D-4D1C-A3CE-CDE005EE7DC3}.Debug|Any CPU.Build.0 = Debug|Any CPU
		{037DDC8D-1C0D-4D1C-A3CE-CDE005EE7DC3}.Debug|Any CPU.Deploy.0 = Debug|Any CPU
		{037DDC8D-1C0D-4D1C-A3CE-CDE005EE7DC3}.Release|Any CPU.ActiveCfg = Release|Any CPU
		{037DDC8D-1C0D-4D1C-A3CE-CDE005EE7DC3}.Release|Any CPU.Build.0 = Release|Any CPU
		{037DDC8D-1C0D-4D1C-A3CE-CDE005EE7DC3}.Release|Any CPU.Deploy.0 = Release|Any CPU
		{CD8E53D2-B177-494B-AE08-1CEEF98E43D7}.Debug|Any CPU.ActiveCfg = Debug|Any CPU
		{CD8E53D2-B177-494B-AE08-1CEEF98E43D7}.Debug|Any CPU.Build.0 = Debug|Any CPU
		{CD8E53D2-B177-494B-AE08-1CEEF98E43D7}.Release|Any CPU.ActiveCfg = Release|Any CPU
		{CD8E53D2-B177-494B-AE08-1CEEF98E43D7}.Release|Any CPU.Build.0 = Release|Any CPU
		{8AE7C165-13B3-4267-9577-8E0E6D9A686F}.Debug|Any CPU.ActiveCfg = Debug|Any CPU
		{8AE7C165-13B3-4267-9577-8E0E6D9A686F}.Debug|Any CPU.Build.0 = Debug|Any CPU
		{8AE7C165-13B3-4267-9577-8E0E6D9A686F}.Release|Any CPU.ActiveCfg = Release|Any CPU
		{8AE7C165-13B3-4267-9577-8E0E6D9A686F}.Release|Any CPU.Build.0 = Release|Any CPU
		{3FE45387-A9AC-48E8-BDA0-3061CB893408}.Debug|Any CPU.ActiveCfg = Debug|Any CPU
		{3FE45387-A9AC-48E8-BDA0-3061CB893408}.Debug|Any CPU.Build.0 = Debug|Any CPU
		{3FE45387-A9AC-48E8-BDA0-3061CB893408}.Release|Any CPU.ActiveCfg = Release|Any CPU
		{3FE45387-A9AC-48E8-BDA0-3061CB893408}.Release|Any CPU.Build.0 = Release|Any CPU
		{65115DDD-902F-4377-BB08-814782711713}.Debug|Any CPU.ActiveCfg = Debug|Any CPU
		{65115DDD-902F-4377-BB08-814782711713}.Debug|Any CPU.Build.0 = Debug|Any CPU
		{65115DDD-902F-4377-BB08-814782711713}.Release|Any CPU.ActiveCfg = Release|Any CPU
		{65115DDD-902F-4377-BB08-814782711713}.Release|Any CPU.Build.0 = Release|Any CPU
		{B9185BB7-C46A-4EFA-A354-EFED1A9041FE}.Debug|Any CPU.ActiveCfg = Debug|Any CPU
		{B9185BB7-C46A-4EFA-A354-EFED1A9041FE}.Debug|Any CPU.Build.0 = Debug|Any CPU
		{B9185BB7-C46A-4EFA-A354-EFED1A9041FE}.Release|Any CPU.ActiveCfg = Release|Any CPU
		{B9185BB7-C46A-4EFA-A354-EFED1A9041FE}.Release|Any CPU.Build.0 = Release|Any CPU
	EndGlobalSection
	GlobalSection(SolutionProperties) = preSolution
		HideSolutionNode = FALSE
	EndGlobalSection
	GlobalSection(NestedProjects) = preSolution
		{583FF127-61C6-431D-8D77-0C632486F9E6} = {BA27D6D1-FDE6-470D-BC1B-14ED3ABD64F3}
		{C551CBEE-2312-4E78-87EC-630C28F3BD87} = {515826B4-5991-4D7C-8919-10D4D405F873}
		{1E42DB1B-E1FA-4B69-B94B-82D3F91E09D4} = {BA27D6D1-FDE6-470D-BC1B-14ED3ABD64F3}
		{79BF29FF-D1AE-4B9D-982F-036DB7BCF3BD} = {515826B4-5991-4D7C-8919-10D4D405F873}
		{564D65AC-1DA0-402D-917C-AE249EF41723} = {EE7FBA28-3B07-4096-B45C-ADC578DA3069}
		{46708533-C120-4117-A7D2-B27EB0942790} = {EE7FBA28-3B07-4096-B45C-ADC578DA3069}
		{5566742B-E3DC-4DD9-9548-DE26C5413E64} = {DA378F89-D8DD-48BD-95F3-E059C8A6EAA1}
		{650BD7D1-7EF4-4EF9-AA7C-D859D3353985} = {84A2CC4E-DC9F-4273-8B8E-150BEF4E7856}
		{037DDC8D-1C0D-4D1C-A3CE-CDE005EE7DC3} = {EE7FBA28-3B07-4096-B45C-ADC578DA3069}
		{CD8E53D2-B177-494B-AE08-1CEEF98E43D7} = {6A537DD0-D9F3-4868-8C00-4DC208868A48}
		{8AE7C165-13B3-4267-9577-8E0E6D9A686F} = {6A537DD0-D9F3-4868-8C00-4DC208868A48}
		{3FE45387-A9AC-48E8-BDA0-3061CB893408} = {84A2CC4E-DC9F-4273-8B8E-150BEF4E7856}
		{65115DDD-902F-4377-BB08-814782711713} = {6A537DD0-D9F3-4868-8C00-4DC208868A48}
		{B9185BB7-C46A-4EFA-A354-EFED1A9041FE} = {515826B4-5991-4D7C-8919-10D4D405F873}
	EndGlobalSection
EndGlobal
